
Microsoft Visual Studio Solution File, Format Version 12.00
# Visual Studio Version 16
VisualStudioVersion = 16.0.30320.27
MinimumVisualStudioVersion = 10.0.40219.1
Project("{FAE04EC0-301F-11D3-BF4B-00C04F79EFBC}") = "UnknownMotives", "UnknownMotives\UnknownMotives.csproj", "{E5F6C9CB-18AF-4741-BF8C-AEB0E19FE1D2}"
EndProject
Global
	GlobalSection(SolutionConfigurationPlatforms) = preSolution
		Debug|Any CPU = Debug|Any CPU
		Release|Any CPU = Release|Any CPU
	EndGlobalSection
	GlobalSection(ProjectConfigurationPlatforms) = postSolution
		{E5F6C9CB-18AF-4741-BF8C-AEB0E19FE1D2}.Debug|Any CPU.ActiveCfg = Debug|Any CPU
		{E5F6C9CB-18AF-4741-BF8C-AEB0E19FE1D2}.Debug|Any CPU.Build.0 = Debug|Any CPU
		{E5F6C9CB-18AF-4741-BF8C-AEB0E19FE1D2}.Release|Any CPU.ActiveCfg = Release|Any CPU
		{E5F6C9CB-18AF-4741-BF8C-AEB0E19FE1D2}.Release|Any CPU.Build.0 = Release|Any CPU
	EndGlobalSection
	GlobalSection(SolutionProperties) = preSolution
		HideSolutionNode = FALSE
	EndGlobalSection
	GlobalSection(ExtensibilityGlobals) = postSolution
		SolutionGuid = {48528516-CB45-45B0-A9CF-E0FA99C2B5E4}
	EndGlobalSection
EndGlobal
